github.com/bitbandi/go-x11 v0.0.0-20171024232457-5fddbc9b2b09 h1:Gv0u6/aDygacB8WwTZCQURvifjTit87CdXAMuD+OEAY=
github.com/bitbandi/go-x11 v0.0.0-20171024232457-5fddbc9b2b09/go.mod h1:p4/CBgPWeJOuTuVf7TfNjYuqwIgP9MGdZ5NhaW4zF/E=
github.com/davecgh/go-spew v1.1.1 h1:vj9j/u1bqnvCEfJOwUhtlOARqs3+rkHYY13jYWTU97c=
github.com/davecgh/go-spew v1.1.1/go.mod h1:J7Y8YcW2NihsgmVo/mv3lAwl/skON4iLHjSsI+c5H38=
github.com/enceve/crypto v0.0.0-20160707101852-34d48bb93815 h1:D22EM5TeYZJp43hGDx6dUng8mvtyYbB9BnE3+BmJR1Q=
github.com/enceve/crypto v0.0.0-20160707101852-34d48bb93815/go.mod h1:wYFFK4LYXbX7j+76mOq7aiC/EAw2S22CrzPHqgsisPw=
github.com/p9c/chainhash v0.0.2 h1:ae2zemOBq8Bsc1f6jC/WWFQAphEvV5JCCFkeqr84u5M=
github.com/p9c/chainhash v0.0.2/go.mod h1:P+N9XRutS5Aw3MEC/sq6FIPzBFBmJ/+q4JiIXybKzJM=
github.com/p9c/fork v0.0.2 h1:c15KC3qf3Q0Wy/NLdHz8dTEs03LJNYC2+u+RtzK4/J4=
github.com/p9c/fork v0.0.2/go.mod h1:REFYIYusmOjf8GUBK459OT2+5JHXt8Js3fTYK1ga5U4=
github.com/p9c/forkhash v0.0.7 h1:/v3R6Akvn7wzkJ5tF/Ihh9Etq8y2ZJwCjzKiBkk2ryY=
github.com/p9c/forkhash v0.0.7/go.mod h1:Rfjbi4CkHl77t2rmsiqD71nRlQMeArDzpSAYzbE/fk4=
github.com/p9c/goterm v0.0.3 h1:0pajw+Pz3zL3aEZoPuIwMq36VV+WLI6Q6hRn4ZdMh7A=
github.com/p9c/goterm v0.0.3/go.mod h1:+Y8lgDRodZxWcmBlnxnBZdnBfDESKDjvzi7BJpGc6u8=
github.com/p9c/logi v0.0.13 h1:fRbMZXa+5euchoImLye0ZFrLq1RDvm29OP2m9sMgVZ8=
github.com/p9c/logi v0.0.13/go.mod h1:P7NMwZA5PAI3mZBSz1e1XW//8QuJpktyqcWWbf5uuco=
github.com/programmer10110/gostreebog v0.0.0-20170704145444-a3e1d28291b2 h1:gb6u48DzkRwDpNtqaQ+SQYNJ8G3epwf9uJHxtKXKHec=
github.com/programmer10110/gostreebog v0.0.0-20170704145444-a3e1d28291b2/go.mod h1:zSCZczSNxET3dzUjgsrViwmMCj8MRUw0bpEL+k7+IPE=
golang.org/x/crypto v0.0.0-20190308221718-c2843e01d9a2/go.mod h1:djNgcEr1/C05ACkg1iLfiJU5Ep61QUkGW8qpdssI0+w=
golang.org/x/crypto v0.0.0-20200311171314-f7b00557c8c4 h1:QmwruyY+bKbDDL0BaglrbZABEali68eoMFhTZpCjYVA=
golang.org/x/crypto v0.0.0-20200311171314-f7b00557c8c4/go.mod h1:LzIPMQfyMNhhGPhUkYOs5KpL4U8rLKemX1yGLhDgUto=
golang.org/x/net v0.0.0-20190404232315-eb5bcb51f2a3/go.mod h1:t9HGtf8HONx5eT2rtn7q6eTqICYqUVnKs3thJo3Qplg=
golang.org/x/sys v0.0.0-20190215142949-d0b11bdaac8a/go.mod h1:STP8DvDyc/dI5b8T5hshtkjS+E42TnysNCUPdjciGhY=
golang.org/x/sys v0.0.0-20190412213103-97732733099d/go.mod h1:h1NjWce9XRLGQEsW7wpKNCjG9DtNlClVuFLEZdDNbEs=
golang.org/x/sys v0.0.0-20200302150141-5c8b2ff67527 h1:uYVVQ9WP/Ds2ROhcaGPeIdVq0RIXVLwsHlnvJ+cT1So=
golang.org/x/sys v0.0.0-20200302150141-5c8b2ff67527/go.mod h1:h1NjWce9XRLGQEsW7wpKNCjG9DtNlClVuFLEZdDNbEs=
golang.org/x/text v0.3.0/go.mod h1:NqM8EUOU14njkJ3fqMW+pc6Ldnwhi/IjpwHt7yyuwOQ=
lukechampine.com/blake3 v1.0.0 h1:dNj1NVD7SLgkU7dykKjmmOSOTTx7ZmxnDyUyvxnQP2Q=
lukechampine.com/blake3 v1.0.0/go.mod h1:e0XQzEQp6LtbXBhzYxRoh6s3kcmX+fMMg8sC9VgWloQ=
